
Microsoft Visual Studio Solution File, Format Version 12.00
# Visual Studio Version 17
VisualStudioVersion = 17.5.33424.131
MinimumVisualStudioVersion = 10.0.40219.1
Project("{FAE04EC0-301F-11D3-BF4B-00C04F79EFBC}") = "FitnessFusion", "FitnessFusion\FitnessFusion.csproj", "{9F00EDD5-CA86-4E45-93E9-5C164AA2A973}"
EndProject
Global
	GlobalSection(SolutionConfigurationPlatforms) = preSolution
		Debug|Any CPU = Debug|Any CPU
		Release|Any CPU = Release|Any CPU
	EndGlobalSection
	GlobalSection(ProjectConfigurationPlatforms) = postSolution
		{9F00EDD5-CA86-4E45-93E9-5C164AA2A973}.Debug|Any CPU.ActiveCfg = Debug|Any CPU
		{9F00EDD5-CA86-4E45-93E9-5C164AA2A973}.Debug|Any CPU.Build.0 = Debug|Any CPU
		{9F00EDD5-CA86-4E45-93E9-5C164AA2A973}.Release|Any CPU.ActiveCfg = Release|Any CPU
		{9F00EDD5-CA86-4E45-93E9-5C164AA2A973}.Release|Any CPU.Build.0 = Release|Any CPU
	EndGlobalSection
	GlobalSection(SolutionProperties) = preSolution
		HideSolutionNode = FALSE
	EndGlobalSection
	GlobalSection(ExtensibilityGlobals) = postSolution
		SolutionGuid = {73689393-EE7C-4B9C-B71D-7B76276B638E}
	EndGlobalSection
EndGlobal
